
Microsoft Visual Studio Solution File, Format Version 12.00
# Visual Studio Version 17
VisualStudioVersion = 17.5.33502.453
MinimumVisualStudioVersion = 10.0.40219.1
Project("{FAE04EC0-301F-11D3-BF4B-00C04F79EFBC}") = "Practice_Shop", "Practice_Shop\Practice_Shop.csproj", "{04E6712C-9AB1-4D6C-B1D5-A2FF7C105646}"
EndProject
Global
	GlobalSection(SolutionConfigurationPlatforms) = preSolution
		Debug|Any CPU = Debug|Any CPU
		Release|Any CPU = Release|Any CPU
	EndGlobalSection
	GlobalSection(ProjectConfigurationPlatforms) = postSolution
		{04E6712C-9AB1-4D6C-B1D5-A2FF7C105646}.Debug|Any CPU.ActiveCfg = Debug|Any CPU
		{04E6712C-9AB1-4D6C-B1D5-A2FF7C105646}.Debug|Any CPU.Build.0 = Debug|Any CPU
		{04E6712C-9AB1-4D6C-B1D5-A2FF7C105646}.Release|Any CPU.ActiveCfg = Release|Any CPU
		{04E6712C-9AB1-4D6C-B1D5-A2FF7C105646}.Release|Any CPU.Build.0 = Release|Any CPU
	EndGlobalSection
	GlobalSection(SolutionProperties) = preSolution
		HideSolutionNode = FALSE
	EndGlobalSection
	GlobalSection(ExtensibilityGlobals) = postSolution
		SolutionGuid = {C67F05DC-0965-4C22-864D-2F71141F3713}
	EndGlobalSection
EndGlobal
